
Microsoft Visual Studio Solution File, Format Version 12.00
# Visual Studio 11
Project("{FAE04EC0-301F-11D3-BF4B-00C04F79EFBC}") = "MetroRx", "MetroRx\MetroRx.csproj", "{F054D5C4-7825-4008-AFAD-D150B3D49852}"
EndProject
Project("{FAE04EC0-301F-11D3-BF4B-00C04F79EFBC}") = "MetroRx.Tests", "MetroRx.Tests\MetroRx.Tests.csproj", "{EF27120B-847D-4373-9F3F-019123FB589D}"
EndProject
Global
	GlobalSection(SolutionConfigurationPlatforms) = preSolution
		Debug|Any CPU = Debug|Any CPU
		Release|Any CPU = Release|Any CPU
	EndGlobalSection
	GlobalSection(ProjectConfigurationPlatforms) = postSolution
		{EF27120B-847D-4373-9F3F-019123FB589D}.Debug|Any CPU.ActiveCfg = Debug|Any CPU
		{EF27120B-847D-4373-9F3F-019123FB589D}.Debug|Any CPU.Build.0 = Debug|Any CPU
		{EF27120B-847D-4373-9F3F-019123FB589D}.Debug|Any CPU.Deploy.0 = Debug|Any CPU
		{EF27120B-847D-4373-9F3F-019123FB589D}.Release|Any CPU.ActiveCfg = Release|Any CPU
		{EF27120B-847D-4373-9F3F-019123FB589D}.Release|Any CPU.Build.0 = Release|Any CPU
		{EF27120B-847D-4373-9F3F-019123FB589D}.Release|Any CPU.Deploy.0 = Release|Any CPU
		{F054D5C4-7825-4008-AFAD-D150B3D49852}.Debug|Any CPU.ActiveCfg = Debug|Any CPU
		{F054D5C4-7825-4008-AFAD-D150B3D49852}.Debug|Any CPU.Build.0 = Debug|Any CPU
		{F054D5C4-7825-4008-AFAD-D150B3D49852}.Release|Any CPU.ActiveCfg = Release|Any CPU
		{F054D5C4-7825-4008-AFAD-D150B3D49852}.Release|Any CPU.Build.0 = Release|Any CPU
	EndGlobalSection
	GlobalSection(SolutionProperties) = preSolution
		HideSolutionNode = FALSE
	EndGlobalSection
EndGlobal
